
Microsoft Visual Studio Solution File, Format Version 12.00
# Visual Studio Express 2012 for Windows Desktop
Project("{FAE04EC0-301F-11D3-BF4B-00C04F79EFBC}") = "Game", "Game\Game.csproj", "{3450A984-2CAF-4825-991B-FB46D2542248}"
	ProjectSection(ProjectDependencies) = postProject
		{3C4AE9EE-3D4D-4F2A-AAF9-5FA10120F462} = {3C4AE9EE-3D4D-4F2A-AAF9-5FA10120F462}
	EndProjectSection
EndProject
Project("{FAE04EC0-301F-11D3-BF4B-00C04F79EFBC}") = "Engine", "Engine\Engine.csproj", "{3C4AE9EE-3D4D-4F2A-AAF9-5FA10120F462}"
EndProject
Global
	GlobalSection(SolutionConfigurationPlatforms) = preSolution
		Debug|Any CPU = Debug|Any CPU
		Debug|Mixed Platforms = Debug|Mixed Platforms
		Debug|Win32 = Debug|Win32
		Release|Any CPU = Release|Any CPU
		Release|Mixed Platforms = Release|Mixed Platforms
		Release|Win32 = Release|Win32
	EndGlobalSection
	GlobalSection(ProjectConfigurationPlatforms) = postSolution
		{3450A984-2CAF-4825-991B-FB46D2542248}.Debug|Any CPU.ActiveCfg = Debug|Any CPU
		{3450A984-2CAF-4825-991B-FB46D2542248}.Debug|Any CPU.Build.0 = Debug|Any CPU
		{3450A984-2CAF-4825-991B-FB46D2542248}.Debug|Mixed Platforms.ActiveCfg = Debug|Any CPU
		{3450A984-2CAF-4825-991B-FB46D2542248}.Debug|Mixed Platforms.Build.0 = Debug|Any CPU
		{3450A984-2CAF-4825-991B-FB46D2542248}.Debug|Win32.ActiveCfg = Debug|Any CPU
		{3450A984-2CAF-4825-991B-FB46D2542248}.Release|Any CPU.ActiveCfg = Release|Any CPU
		{3450A984-2CAF-4825-991B-FB46D2542248}.Release|Any CPU.Build.0 = Release|Any CPU
		{3450A984-2CAF-4825-991B-FB46D2542248}.Release|Mixed Platforms.ActiveCfg = Release|Any CPU
		{3450A984-2CAF-4825-991B-FB46D2542248}.Release|Mixed Platforms.Build.0 = Release|Any CPU
		{3450A984-2CAF-4825-991B-FB46D2542248}.Release|Win32.ActiveCfg = Release|Any CPU
		{3C4AE9EE-3D4D-4F2A-AAF9-5FA10120F462}.Debug|Any CPU.ActiveCfg = Debug|Any CPU
		{3C4AE9EE-3D4D-4F2A-AAF9-5FA10120F462}.Debug|Any CPU.Build.0 = Debug|Any CPU
		{3C4AE9EE-3D4D-4F2A-AAF9-5FA10120F462}.Debug|Mixed Platforms.ActiveCfg = Debug|Any CPU
		{3C4AE9EE-3D4D-4F2A-AAF9-5FA10120F462}.Debug|Mixed Platforms.Build.0 = Debug|Any CPU
		{3C4AE9EE-3D4D-4F2A-AAF9-5FA10120F462}.Debug|Win32.ActiveCfg = Debug|Any CPU
		{3C4AE9EE-3D4D-4F2A-AAF9-5FA10120F462}.Release|Any CPU.ActiveCfg = Release|Any CPU
		{3C4AE9EE-3D4D-4F2A-AAF9-5FA10120F462}.Release|Any CPU.Build.0 = Release|Any CPU
		{3C4AE9EE-3D4D-4F2A-AAF9-5FA10120F462}.Release|Mixed Platforms.ActiveCfg = Release|Any CPU
		{3C4AE9EE-3D4D-4F2A-AAF9-5FA10120F462}.Release|Mixed Platforms.Build.0 = Release|Any CPU
		{3C4AE9EE-3D4D-4F2A-AAF9-5FA10120F462}.Release|Win32.ActiveCfg = Release|Any CPU
	EndGlobalSection
	GlobalSection(SolutionProperties) = preSolution
		HideSolutionNode = FALSE
	EndGlobalSection
EndGlobal
